github.com/davegallant/hugo-theme-gruvbox v0.0.0-20240102030224-3e3d39381e83 h1:1K2zeS/GlzUztodRODqVdT0L53So3oKQl2W6xv3hk3k=
github.com/davegallant/hugo-theme-gruvbox v0.0.0-20240102030224-3e3d39381e83/go.mod h1:BQehNdf/SB/+bCc031OVsLECIgB9ZaN1dfUFKTeOIuo=
github.com/schnerring/hugo-mod-json-resume v0.0.0-20231224014047-e651a547c19a h1:EZRiOf0iW5k9lycVv3LngzSsGUxDRszYS4U7ea2r8RY=
github.com/schnerring/hugo-mod-json-resume v0.0.0-20231224014047-e651a547c19a/go.mod h1:5dixHC0WHu0w2Aqb8hsOCrIU1OBYr1w5Q6HZAmTub7Q=
github.com/schnerring/hugo-theme-gruvbox v0.0.0-20231222001142-c40bfccc26fe h1:YFCe/83618UT24IqSn7Ka0TSSZ54BNvDJ7n0WzxWgsg=
github.com/schnerring/hugo-theme-gruvbox v0.0.0-20231222001142-c40bfccc26fe/go.mod h1:ZEP0AB4v1k845Jmx9XmOY39CuR7Zud/owFh8wRGgeZg=
